// !$*UTF8*$!
{
	archiveVersion = 1;
	classes = {
	};
	objectVersion = 50;
	objects = {

/* Begin PBXBuildFile section */
		72819FAB250987BC0025A10E /* AppDelegate.swift in Sources */ = {isa = PBXBuildFile; fileRef = 72819FAA250987BC0025A10E /* AppDelegate.swift */; };
		72819FAD250987BC0025A10E /* SceneDelegate.swift in Sources */ = {isa = PBXBuildFile; fileRef = 72819FAC250987BC0025A10E /* SceneDelegate.swift */; };
		72819FAF250987BC0025A10E /* TodoVc.swift in Sources */ = {isa = PBXBuildFile; fileRef = 72819FAE250987BC0025A10E /* TodoVc.swift */; };
		72819FB2250987BC0025A10E /* Main.storyboard in Resources */ = {isa = PBXBuildFile; fileRef = 72819FB0250987BC0025A10E /* Main.storyboard */; };
		72819FB4250987D10025A10E /* Assets.xcassets in Resources */ = {isa = PBXBuildFile; fileRef = 72819FB3250987D10025A10E /* Assets.xcassets */; };
		72819FB7250987D10025A10E /* LaunchScreen.storyboard in Resources */ = {isa = PBXBuildFile; fileRef = 72819FB5250987D10025A10E /* LaunchScreen.storyboard */; };
		72833283250A8F6200C4EFBF /* Todo.swift in Sources */ = {isa = PBXBuildFile; fileRef = 72833282250A8F6200C4EFBF /* Todo.swift */; };
		72833285250A900900C4EFBF /* APIError.swift in Sources */ = {isa = PBXBuildFile; fileRef = 72833284250A900900C4EFBF /* APIError.swift */; };
		72833288250A90D200C4EFBF /* NetworkService.swift in Sources */ = {isa = PBXBuildFile; fileRef = 72833287250A90D200C4EFBF /* NetworkService.swift */; };
		72B178CF250A88A900493321 /* TodoCell.swift in Sources */ = {isa = PBXBuildFile; fileRef = 72B178CE250A88A900493321 /* TodoCell.swift */; };
/* End PBXBuildFile section */

/* Begin PBXFileReference section */
		72819FA7250987BC0025A10E /* Todo.app */ = {isa = PBXFileReference; explicitFileType = wrapper.application; includeInIndex = 0; path = Todo.app; sourceTree = BUILT_PRODUCTS_DIR; };
		72819FAA250987BC0025A10E /* AppDelegate.swift */ = {isa = PBXFileReference; lastKnownFileType = sourcecode.swift; path = AppDelegate.swift; sourceTree = "<group>"; };
		72819FAC250987BC0025A10E /* SceneDelegate.swift */ = {isa = PBXFileReference; lastKnownFileType = sourcecode.swift; path = SceneDelegate.swift; sourceTree = "<group>"; };
		72819FAE250987BC0025A10E /* TodoVc.swift */ = {isa = PBXFileReference; lastKnownFileType = sourcecode.swift; path = TodoVc.swift; sourceTree = "<group>"; };
		72819FB1250987BC0025A10E /* Base */ = {isa = PBXFileReference; lastKnownFileType = file.storyboard; name = Base; path = Base.lproj/Main.storyboard; sourceTree = "<group>"; };
		72819FB3250987D10025A10E /* Assets.xcassets */ = {isa = PBXFileReference; lastKnownFileType = folder.assetcatalog; path = Assets.xcassets; sourceTree = "<group>"; };
		72819FB6250987D10025A10E /* Base */ = {isa = PBXFileReference; lastKnownFileType = file.storyboard; name = Base; path = Base.lproj/LaunchScreen.storyboard; sourceTree = "<group>"; };
		72819FB8250987D10025A10E /* Info.plist */ = {isa = PBXFileReference; lastKnownFileType = text.plist.xml; path = Info.plist; sourceTree = "<group>"; };
		72833282250A8F6200C4EFBF /* Todo.swift */ = {isa = PBXFileReference; lastKnownFileType = sourcecode.swift; path = Todo.swift; sourceTree = "<group>"; };
		72833284250A900900C4EFBF /* APIError.swift */ = {isa = PBXFileReference; lastKnownFileType = sourcecode.swift; path = APIError.swift; sourceTree = "<group>"; };
		72833287250A90D200C4EFBF /* NetworkService.swift */ = {isa = PBXFileReference; lastKnownFileType = sourcecode.swift; path = NetworkService.swift; sourceTree = "<group>"; };
		72B178CE250A88A900493321 /* TodoCell.swift */ = {isa = PBXFileReference; lastKnownFileType = sourcecode.swift; path = TodoCell.swift; sourceTree = "<group>"; };
/* End PBXFileReference section */

/* Begin PBXFrameworksBuildPhase section */
		72819FA4250987BC0025A10E /* Frameworks */ = {
			isa = PBXFrameworksBuildPhase;
			buildActionMask = 2147483647;
			files = (
			);
			runOnlyForDeploymentPostprocessing = 0;
		};
/* End PBXFrameworksBuildPhase section */

/* Begin PBXGroup section */
		72819F9E250987BC0025A10E = {
			isa = PBXGroup;
			children = (
				72819FA9250987BC0025A10E /* Todo */,
				72819FA8250987BC0025A10E /* Products */,
			);
			sourceTree = "<group>";
		};
		72819FA8250987BC0025A10E /* Products */ = {
			isa = PBXGroup;
			children = (
				72819FA7250987BC0025A10E /* Todo.app */,
			);
			name = Products;
			sourceTree = "<group>";
		};
		72819FA9250987BC0025A10E /* Todo */ = {
			isa = PBXGroup;
			children = (
				72833286250A90BD00C4EFBF /* Services */,
				72B178CD250A887B00493321 /* Controller */,
				72B178CC250A887700493321 /* View */,
				72B178CB250A886F00493321 /* Model */,
				72819FAA250987BC0025A10E /* AppDelegate.swift */,
				72819FAC250987BC0025A10E /* SceneDelegate.swift */,
				72819FB0250987BC0025A10E /* Main.storyboard */,
				72819FB3250987D10025A10E /* Assets.xcassets */,
				72819FB5250987D10025A10E /* LaunchScreen.storyboard */,
				72819FB8250987D10025A10E /* Info.plist */,
			);
			path = Todo;
			sourceTree = "<group>";
		};
		72833286250A90BD00C4EFBF /* Services */ = {
			isa = PBXGroup;
			children = (
				72833287250A90D200C4EFBF /* NetworkService.swift */,
			);
			path = Services;
			sourceTree = "<group>";
		};
		72B178CB250A886F00493321 /* Model */ = {
			isa = PBXGroup;
			children = (
				72833282250A8F6200C4EFBF /* Todo.swift */,
				72833284250A900900C4EFBF /* APIError.swift */,
			);
			path = Model;
			sourceTree = "<group>";
		};
		72B178CC250A887700493321 /* View */ = {
			isa = PBXGroup;
			children = (
				72B178CE250A88A900493321 /* TodoCell.swift */,
			);
			path = View;
			sourceTree = "<group>";
		};
		72B178CD250A887B00493321 /* Controller */ = {
			isa = PBXGroup;
			children = (
				72819FAE250987BC0025A10E /* TodoVc.swift */,
			);
			path = Controller;
			sourceTree = "<group>";
		};
/* End PBXGroup section */

/* Begin PBXNativeTarget section */
		72819FA6250987BC0025A10E /* Todo */ = {
			isa = PBXNativeTarget;
			buildConfigurationList = 72819FBB250987D10025A10E /* Build configuration list for PBXNativeTarget "Todo" */;
			buildPhases = (
				72819FA3250987BC0025A10E /* Sources */,
				72819FA4250987BC0025A10E /* Frameworks */,
				72819FA5250987BC0025A10E /* Resources */,
			);
			buildRules = (
			);
			dependencies = (
			);
			name = Todo;
			productName = Todo;
			productReference = 72819FA7250987BC0025A10E /* Todo.app */;
			productType = "com.apple.product-type.application";
		};
/* End PBXNativeTarget section */

/* Begin PBXProject section */
		72819F9F250987BC0025A10E /* Project object */ = {
			isa = PBXProject;
			attributes = {
				LastSwiftUpdateCheck = 1160;
				LastUpgradeCheck = 1160;
				ORGANIZATIONNAME = Unmilan;
				TargetAttributes = {
					72819FA6250987BC0025A10E = {
						CreatedOnToolsVersion = 11.6;
					};
				};
			};
			buildConfigurationList = 72819FA2250987BC0025A10E /* Build configuration list for PBXProject "Todo" */;
			compatibilityVersion = "Xcode 9.3";
			developmentRegion = en;
			hasScannedForEncodings = 0;
			knownRegions = (
				en,
				Base,
			);
			mainGroup = 72819F9E250987BC0025A10E;
			productRefGroup = 72819FA8250987BC0025A10E /* Products */;
			projectDirPath = "";
			projectRoot = "";
			targets = (
				72819FA6250987BC0025A10E /* Todo */,
			);
		};
/* End PBXProject section */

/* Begin PBXResourcesBuildPhase section */
		72819FA5250987BC0025A10E /* Resources */ = {
			isa = PBXResourcesBuildPhase;
			buildActionMask = 2147483647;
			files = (
				72819FB7250987D10025A10E /* LaunchScreen.storyboard in Resources */,
				72819FB4250987D10025A10E /* Assets.xcassets in Resources */,
				72819FB2250987BC0025A10E /* Main.storyboard in Resources */,
			);
			runOnlyForDeploymentPostprocessing = 0;
		};
/* End PBXResourcesBuildPhase section */

/* Begin PBXSourcesBuildPhase section */
		72819FA3250987BC0025A10E /* Sources */ = {
			isa = PBXSourcesBuildPhase;
			buildActionMask = 2147483647;
			files = (
				72819FAF250987BC0025A10E /* TodoVc.swift in Sources */,
				72819FAB250987BC0025A10E /* AppDelegate.swift in Sources */,
				72819FAD250987BC0025A10E /* SceneDelegate.swift in Sources */,
				72B178CF250A88A900493321 /* TodoCell.swift in Sources */,
				72833283250A8F6200C4EFBF /* Todo.swift in Sources */,
				72833285250A900900C4EFBF /* APIError.swift in Sources */,
				72833288250A90D200C4EFBF /* NetworkService.swift in Sources */,
			);
			runOnlyForDeploymentPostprocessing = 0;
		};
/* End PBXSourcesBuildPhase section */

/* Begin PBXVariantGroup section */
		72819FB0250987BC0025A10E /* Main.storyboard */ = {
			isa = PBXVariantGroup;
			children = (
				72819FB1250987BC0025A10E /* Base */,
			);
			name = Main.storyboard;
			sourceTree = "<group>";
		};
		72819FB5250987D10025A10E /* LaunchScreen.storyboard */ = {
			isa = PBXVariantGroup;
			children = (
				72819FB6250987D10025A10E /* Base */,
			);
			name = LaunchScreen.storyboard;
			sourceTree = "<group>";
		};
/* End PBXVariantGroup section */

/* Begin XCBuildConfiguration section */
		72819FB9250987D10025A10E /* Debug */ = {
			isa = XCBuildConfiguration;
			buildSettings = {
				ALWAYS_SEARCH_USER_PATHS = NO;
				CLANG_ANALYZER_NONNULL = YES;
				CLANG_ANALYZER_NUMBER_OBJECT_CONVERSION = YES_AGGRESSIVE;
				CLANG_CXX_LANGUAGE_STANDARD = "gnu++14";
				CLANG_CXX_LIBRARY = "libc++";
				CLANG_ENABLE_MODULES = YES;
				CLANG_ENABLE_OBJC_ARC = YES;
				CLANG_ENABLE_OBJC_WEAK = YES;
				CLANG_WARN_BLOCK_CAPTURE_AUTORELEASING = YES;
				CLANG_WARN_BOOL_CONVERSION = YES;
				CLANG_WARN_COMMA = YES;
				CLANG_WARN_CONSTANT_CONVERSION = YES;
				CLANG_WARN_DEPRECATED_OBJC_IMPLEMENTATIONS = YES;
				CLANG_WARN_DIRECT_OBJC_ISA_USAGE = YES_ERROR;
				CLANG_WARN_DOCUMENTATION_COMMENTS = YES;
				CLANG_WARN_EMPTY_BODY = YES;
				CLANG_WARN_ENUM_CONVERSION = YES;
				CLANG_WARN_INFINITE_RECURSION = YES;
				CLANG_WARN_INT_CONVERSION = YES;
				CLANG_WARN_NON_LITERAL_NULL_CONVERSION = YES;
				CLANG_WARN_OBJC_IMPLICIT_RETAIN_SELF = YES;
				CLANG_WARN_OBJC_LITERAL_CONVERSION = YES;
				CLANG_WARN_OBJC_ROOT_CLASS = YES_ERROR;
				CLANG_WARN_RANGE_LOOP_ANALYSIS = YES;
				CLANG_WARN_STRICT_PROTOTYPES = YES;
				CLANG_WARN_SUSPICIOUS_MOVE = YES;
				CLANG_WARN_UNGUARDED_AVAILABILITY = YES_AGGRESSIVE;
				CLANG_WARN_UNREACHABLE_CODE = YES;
				CLANG_WARN__DUPLICATE_METHOD_MATCH = YES;
				COPY_PHASE_STRIP = NO;
				DEBUG_INFORMATION_FORMAT = dwarf;
				ENABLE_STRICT_OBJC_MSGSEND = YES;
				ENABLE_TESTABILITY = YES;
				GCC_C_LANGUAGE_STANDARD = gnu11;
				GCC_DYNAMIC_NO_PIC = NO;
				GCC_NO_COMMON_BLOCKS = YES;
				GCC_OPTIMIZATION_LEVEL = 0;
				GCC_PREPROCESSOR_DEFINITIONS = (
					"DEBUG=1",
					"$(inherited)",
				);
				GCC_WARN_64_TO_32_BIT_CONVERSION = YES;
				GCC_WARN_ABOUT_RETURN_TYPE = YES_ERROR;
				GCC_WARN_UNDECLARED_SELECTOR = YES;
				GCC_WARN_UNINITIALIZED_AUTOS = YES_AGGRESSIVE;
				GCC_WARN_UNUSED_FUNCTION = YES;
				GCC_WARN_UNUSED_VARIABLE = YES;
				IPHONEOS_DEPLOYMENT_TARGET = 13.6;
				MTL_ENABLE_DEBUG_INFO = INCLUDE_SOURCE;
				MTL_FAST_MATH = YES;
				ONLY_ACTIVE_ARCH = YES;
				SDKROOT = iphoneos;
				SWIFT_ACTIVE_COMPILATION_CONDITIONS = DEBUG;
				SWIFT_OPTIMIZATION_LEVEL = "-Onone";
			};
			name = Debug;
		};
		72819FBA250987D10025A10E /* Release */ = {
			isa = XCBuildConfiguration;
			buildSettings = {
				ALWAYS_SEARCH_USER_PATHS = NO;
				CLANG_ANALYZER_NONNULL = YES;
				CLANG_ANALYZER_NUMBER_OBJECT_CONVERSION = YES_AGGRESSIVE;
				CLANG_CXX_LANGUAGE_STANDARD = "gnu++14";
				CLANG_CXX_LIBRARY = "libc++";
				CLANG_ENABLE_MODULES = YES;
				CLANG_ENABLE_OBJC_ARC = YES;
				CLANG_ENABLE_OBJC_WEAK = YES;
				CLANG_WARN_BLOCK_CAPTURE_AUTORELEASING = YES;
				CLANG_WARN_BOOL_CONVERSION = YES;
				CLANG_WARN_COMMA = YES;
				CLANG_WARN_CONSTANT_CONVERSION = YES;
				CLANG_WARN_DEPRECATED_OBJC_IMPLEMENTATIONS = YES;
				CLANG_WARN_DIRECT_OBJC_ISA_USAGE = YES_ERROR;
				CLANG_WARN_DOCUMENTATION_COMMENTS = YES;
				CLANG_WARN_EMPTY_BODY = YES;
				CLANG_WARN_ENUM_CONVERSION = YES;
				CLANG_WARN_INFINITE_RECURSION = YES;
				CLANG_WARN_INT_CONVERSION = YES;
				CLANG_WARN_NON_LITERAL_NULL_CONVERSION = YES;
				CLANG_WARN_OBJC_IMPLICIT_RETAIN_SELF = YES;
				CLANG_WARN_OBJC_LITERAL_CONVERSION = YES;
				CLANG_WARN_OBJC_ROOT_CLASS = YES_ERROR;
				CLANG_WARN_RANGE_LOOP_ANALYSIS = YES;
				CLANG_WARN_STRICT_PROTOTYPES = YES;
				CLANG_WARN_SUSPICIOUS_MOVE = YES;
				CLANG_WARN_UNGUARDED_AVAILABILITY = YES_AGGRESSIVE;
				CLANG_WARN_UNREACHABLE_CODE = YES;
				CLANG_WARN__DUPLICATE_METHOD_MATCH = YES;
				COPY_PHASE_STRIP = NO;
				DEBUG_INFORMATION_FORMAT = "dwarf-with-dsym";
				ENABLE_NS_ASSERTIONS = NO;
				ENABLE_STRICT_OBJC_MSGSEND = YES;
				GCC_C_LANGUAGE_STANDARD = gnu11;
				GCC_NO_COMMON_BLOCKS = YES;
				GCC_WARN_64_TO_32_BIT_CONVERSION = YES;
				GCC_WARN_ABOUT_RETURN_TYPE = YES_ERROR;
				GCC_WARN_UNDECLARED_SELECTOR = YES;
				GCC_WARN_UNINITIALIZED_AUTOS = YES_AGGRESSIVE;
				GCC_WARN_UNUSED_FUNCTION = YES;
				GCC_WARN_UNUSED_VARIABLE = YES;
				IPHONEOS_DEPLOYMENT_TARGET = 13.6;
				MTL_ENABLE_DEBUG_INFO = NO;
				MTL_FAST_MATH = YES;
				SDKROOT = iphoneos;
				SWIFT_COMPILATION_MODE = wholemodule;
				SWIFT_OPTIMIZATION_LEVEL = "-O";
				VALIDATE_PRODUCT = YES;
			};
			name = Release;
		};
		72819FBC250987D10025A10E /* Debug */ = {
			isa = XCBuildConfiguration;
			buildSettings = {
				ASSETCATALOG_COMPILER_APPICON_NAME = AppIcon;
				CODE_SIGN_STYLE = Automatic;
				DEVELOPMENT_TEAM = VJTN4GQG6R;
				INFOPLIST_FILE = Todo/Info.plist;
				LD_RUNPATH_SEARCH_PATHS = (
					"$(inherited)",
					"@executable_path/Frameworks",
				);
				PRODUCT_BUNDLE_IDENTIFIER = Unmilan.Todo;
				PRODUCT_NAME = "$(TARGET_NAME)";
				SWIFT_VERSION = 5.0;
				TARGETED_DEVICE_FAMILY = "1,2";
			};
			name = Debug;
		};
		72819FBD250987D10025A10E /* Release */ = {
			isa = XCBuildConfiguration;
			buildSettings = {
				ASSETCATALOG_COMPILER_APPICON_NAME = AppIcon;
				CODE_SIGN_STYLE = Automatic;
				DEVELOPMENT_TEAM = VJTN4GQG6R;
				INFOPLIST_FILE = Todo/Info.plist;
				LD_RUNPATH_SEARCH_PATHS = (
					"$(inherited)",
					"@executable_path/Frameworks",
				);
				PRODUCT_BUNDLE_IDENTIFIER = Unmilan.Todo;
				PRODUCT_NAME = "$(TARGET_NAME)";
				SWIFT_VERSION = 5.0;
				TARGETED_DEVICE_FAMILY = "1,2";
			};
			name = Release;
		};
/* End XCBuildConfiguration section */

/* Begin XCConfigurationList section */
		72819FA2250987BC0025A10E /* Build configuration list for PBXProject "Todo" */ = {
			isa = XCConfigurationList;
			buildConfigurations = (
				72819FB9250987D10025A10E /* Debug */,
				72819FBA250987D10025A10E /* Release */,
			);
			defaultConfigurationIsVisible = 0;
			defaultConfigurationName = Release;
		};
		72819FBB250987D10025A10E /* Build configuration list for PBXNativeTarget "Todo" */ = {
			isa = XCConfigurationList;
			buildConfigurations = (
				72819FBC250987D10025A10E /* Debug */,
				72819FBD250987D10025A10E /* Release */,
			);
			defaultConfigurationIsVisible = 0;
			defaultConfigurationName = Release;
		};
/* End XCConfigurationList section */
	};
	rootObject = 72819F9F250987BC0025A10E /* Project object */;
}
